// !$*UTF8*$!
{
	archiveVersion = 1;
	classes = {
	};
	objectVersion = 48;
	objects = {

/* Begin PBXBuildFile section */
		1A3136F020107E38004D5E10 /* AppDelegate.swift in Sources */ = {isa = PBXBuildFile; fileRef = 1A3136EF20107E38004D5E10 /* AppDelegate.swift */; };
		1A3136F220107E38004D5E10 /* ViewController.swift in Sources */ = {isa = PBXBuildFile; fileRef = 1A3136F120107E38004D5E10 /* ViewController.swift */; };
		1A3136F520107E38004D5E10 /* Main.storyboard in Resources */ = {isa = PBXBuildFile; fileRef = 1A3136F320107E38004D5E10 /* Main.storyboard */; };
		1A3136F720107E38004D5E10 /* Assets.xcassets in Resources */ = {isa = PBXBuildFile; fileRef = 1A3136F620107E38004D5E10 /* Assets.xcassets */; };
		1A3136FA20107E38004D5E10 /* LaunchScreen.storyboard in Resources */ = {isa = PBXBuildFile; fileRef = 1A3136F820107E38004D5E10 /* LaunchScreen.storyboard */; };
		1A31370520107E39004D5E10 /* ASWebViewTests.swift in Sources */ = {isa = PBXBuildFile; fileRef = 1A31370420107E39004D5E10 /* ASWebViewTests.swift */; };
		1A31371020107E39004D5E10 /* ASWebViewUITests.swift in Sources */ = {isa = PBXBuildFile; fileRef = 1A31370F20107E39004D5E10 /* ASWebViewUITests.swift */; };
		1A31372020107E6C004D5E10 /* index.html in Resources */ = {isa = PBXBuildFile; fileRef = 1A31371E20107E6C004D5E10 /* index.html */; };
		1A31372120107E6C004D5E10 /* ASWebViewController.swift in Sources */ = {isa = PBXBuildFile; fileRef = 1A31371F20107E6C004D5E10 /* ASWebViewController.swift */; };
		1AFA03802011A04F00887F19 /* ASWebViewController.bundle in Resources */ = {isa = PBXBuildFile; fileRef = 1AFA037F2011A04F00887F19 /* ASWebViewController.bundle */; };
/* End PBXBuildFile section */

/* Begin PBXContainerItemProxy section */
		1A31370120107E39004D5E10 /* PBXContainerItemProxy */ = {
			isa = PBXContainerItemProxy;
			containerPortal = 1A3136E420107E38004D5E10 /* Project object */;
			proxyType = 1;
			remoteGlobalIDString = 1A3136EB20107E38004D5E10;
			remoteInfo = ASWebView;
		};
		1A31370C20107E39004D5E10 /* PBXContainerItemProxy */ = {
			isa = PBXContainerItemProxy;
			containerPortal = 1A3136E420107E38004D5E10 /* Project object */;
			proxyType = 1;
			remoteGlobalIDString = 1A3136EB20107E38004D5E10;
			remoteInfo = ASWebView;
		};
/* End PBXContainerItemProxy section */

/* Begin PBXFileReference section */
		1A3136EC20107E38004D5E10 /* ASWebView.app */ = {isa = PBXFileReference; explicitFileType = wrapper.application; includeInIndex = 0; path = ASWebView.app; sourceTree = BUILT_PRODUCTS_DIR; };
		1A3136EF20107E38004D5E10 /* AppDelegate.swift */ = {isa = PBXFileReference; lastKnownFileType = sourcecode.swift; path = AppDelegate.swift; sourceTree = "<group>"; };
		1A3136F120107E38004D5E10 /* ViewController.swift */ = {isa = PBXFileReference; lastKnownFileType = sourcecode.swift; path = ViewController.swift; sourceTree = "<group>"; };
		1A3136F420107E38004D5E10 /* Base */ = {isa = PBXFileReference; lastKnownFileType = file.storyboard; name = Base; path = Base.lproj/Main.storyboard; sourceTree = "<group>"; };
		1A3136F620107E38004D5E10 /* Assets.xcassets */ = {isa = PBXFileReference; lastKnownFileType = folder.assetcatalog; path = Assets.xcassets; sourceTree = "<group>"; };
		1A3136F920107E38004D5E10 /* Base */ = {isa = PBXFileReference; lastKnownFileType = file.storyboard; name = Base; path = Base.lproj/LaunchScreen.storyboard; sourceTree = "<group>"; };
		1A3136FB20107E38004D5E10 /* Info.plist */ = {isa = PBXFileReference; lastKnownFileType = text.plist.xml; path = Info.plist; sourceTree = "<group>"; };
		1A31370020107E39004D5E10 /* ASWebViewTests.xctest */ = {isa = PBXFileReference; explicitFileType = wrapper.cfbundle; includeInIndex = 0; path = ASWebViewTests.xctest; sourceTree = BUILT_PRODUCTS_DIR; };
		1A31370420107E39004D5E10 /* ASWebViewTests.swift */ = {isa = PBXFileReference; lastKnownFileType = sourcecode.swift; path = ASWebViewTests.swift; sourceTree = "<group>"; };
		1A31370620107E39004D5E10 /* Info.plist */ = {isa = PBXFileReference; lastKnownFileType = text.plist.xml; path = Info.plist; sourceTree = "<group>"; };
		1A31370B20107E39004D5E10 /* ASWebViewUITests.xctest */ = {isa = PBXFileReference; explicitFileType = wrapper.cfbundle; includeInIndex = 0; path = ASWebViewUITests.xctest; sourceTree = BUILT_PRODUCTS_DIR; };
		1A31370F20107E39004D5E10 /* ASWebViewUITests.swift */ = {isa = PBXFileReference; lastKnownFileType = sourcecode.swift; path = ASWebViewUITests.swift; sourceTree = "<group>"; };
		1A31371120107E39004D5E10 /* Info.plist */ = {isa = PBXFileReference; lastKnownFileType = text.plist.xml; path = Info.plist; sourceTree = "<group>"; };
		1A31371E20107E6C004D5E10 /* index.html */ = {isa = PBXFileReference; fileEncoding = 4; lastKnownFileType = text.html; path = index.html; sourceTree = "<group>"; };
		1A31371F20107E6C004D5E10 /* ASWebViewController.swift */ = {isa = PBXFileReference; fileEncoding = 4; lastKnownFileType = sourcecode.swift; path = ASWebViewController.swift; sourceTree = "<group>"; };
		1AFA037F2011A04F00887F19 /* ASWebViewController.bundle */ = {isa = PBXFileReference; lastKnownFileType = "wrapper.plug-in"; path = ASWebViewController.bundle; sourceTree = "<group>"; };
/* End PBXFileReference section */

/* Begin PBXFrameworksBuildPhase section */
		1A3136E920107E38004D5E10 /* Frameworks */ = {
			isa = PBXFrameworksBuildPhase;
			buildActionMask = 2147483647;
			files = (
			);
			runOnlyForDeploymentPostprocessing = 0;
		};
		1A3136FD20107E39004D5E10 /* Frameworks */ = {
			isa = PBXFrameworksBuildPhase;
			buildActionMask = 2147483647;
			files = (
			);
			runOnlyForDeploymentPostprocessing = 0;
		};
		1A31370820107E39004D5E10 /* Frameworks */ = {
			isa = PBXFrameworksBuildPhase;
			buildActionMask = 2147483647;
			files = (
			);
			runOnlyForDeploymentPostprocessing = 0;
		};
/* End PBXFrameworksBuildPhase section */

/* Begin PBXGroup section */
		1A3136E320107E38004D5E10 = {
			isa = PBXGroup;
			children = (
				1A3136EE20107E38004D5E10 /* ASWebView */,
				1A31370320107E39004D5E10 /* ASWebViewTests */,
				1A31370E20107E39004D5E10 /* ASWebViewUITests */,
				1A3136ED20107E38004D5E10 /* Products */,
			);
			sourceTree = "<group>";
		};
		1A3136ED20107E38004D5E10 /* Products */ = {
			isa = PBXGroup;
			children = (
				1A3136EC20107E38004D5E10 /* ASWebView.app */,
				1A31370020107E39004D5E10 /* ASWebViewTests.xctest */,
				1A31370B20107E39004D5E10 /* ASWebViewUITests.xctest */,
			);
			name = Products;
			sourceTree = "<group>";
		};
		1A3136EE20107E38004D5E10 /* ASWebView */ = {
			isa = PBXGroup;
			children = (
				1A31371D20107E6C004D5E10 /* WebView */,
				1A3136EF20107E38004D5E10 /* AppDelegate.swift */,
				1A3136F120107E38004D5E10 /* ViewController.swift */,
				1A3136F320107E38004D5E10 /* Main.storyboard */,
				1A3136F620107E38004D5E10 /* Assets.xcassets */,
				1A3136F820107E38004D5E10 /* LaunchScreen.storyboard */,
				1A3136FB20107E38004D5E10 /* Info.plist */,
			);
			path = ASWebView;
			sourceTree = "<group>";
		};
		1A31370320107E39004D5E10 /* ASWebViewTests */ = {
			isa = PBXGroup;
			children = (
				1A31370420107E39004D5E10 /* ASWebViewTests.swift */,
				1A31370620107E39004D5E10 /* Info.plist */,
			);
			path = ASWebViewTests;
			sourceTree = "<group>";
		};
		1A31370E20107E39004D5E10 /* ASWebViewUITests */ = {
			isa = PBXGroup;
			children = (
				1A31370F20107E39004D5E10 /* ASWebViewUITests.swift */,
				1A31371120107E39004D5E10 /* Info.plist */,
			);
			path = ASWebViewUITests;
			sourceTree = "<group>";
		};
		1A31371D20107E6C004D5E10 /* WebView */ = {
			isa = PBXGroup;
			children = (
				1AFA037F2011A04F00887F19 /* ASWebViewController.bundle */,
				1A31371E20107E6C004D5E10 /* index.html */,
				1A31371F20107E6C004D5E10 /* ASWebViewController.swift */,
			);
			path = WebView;
			sourceTree = "<group>";
		};
/* End PBXGroup section */

/* Begin PBXNativeTarget section */
		1A3136EB20107E38004D5E10 /* ASWebView */ = {
			isa = PBXNativeTarget;
			buildConfigurationList = 1A31371420107E39004D5E10 /* Build configuration list for PBXNativeTarget "ASWebView" */;
			buildPhases = (
				1A3136E820107E38004D5E10 /* Sources */,
				1A3136E920107E38004D5E10 /* Frameworks */,
				1A3136EA20107E38004D5E10 /* Resources */,
			);
			buildRules = (
			);
			dependencies = (
			);
			name = ASWebView;
			productName = ASWebView;
			productReference = 1A3136EC20107E38004D5E10 /* ASWebView.app */;
			productType = "com.apple.product-type.application";
		};
		1A3136FF20107E39004D5E10 /* ASWebViewTests */ = {
			isa = PBXNativeTarget;
			buildConfigurationList = 1A31371720107E39004D5E10 /* Build configuration list for PBXNativeTarget "ASWebViewTests" */;
			buildPhases = (
				1A3136FC20107E39004D5E10 /* Sources */,
				1A3136FD20107E39004D5E10 /* Frameworks */,
				1A3136FE20107E39004D5E10 /* Resources */,
			);
			buildRules = (
			);
			dependencies = (
				1A31370220107E39004D5E10 /* PBXTargetDependency */,
			);
			name = ASWebViewTests;
			productName = ASWebViewTests;
			productReference = 1A31370020107E39004D5E10 /* ASWebViewTests.xctest */;
			productType = "com.apple.product-type.bundle.unit-test";
		};
		1A31370A20107E39004D5E10 /* ASWebViewUITests */ = {
			isa = PBXNativeTarget;
			buildConfigurationList = 1A31371A20107E39004D5E10 /* Build configuration list for PBXNativeTarget "ASWebViewUITests" */;
			buildPhases = (
				1A31370720107E39004D5E10 /* Sources */,
				1A31370820107E39004D5E10 /* Frameworks */,
				1A31370920107E39004D5E10 /* Resources */,
			);
			buildRules = (
			);
			dependencies = (
				1A31370D20107E39004D5E10 /* PBXTargetDependency */,
			);
			name = ASWebViewUITests;
			productName = ASWebViewUITests;
			productReference = 1A31370B20107E39004D5E10 /* ASWebViewUITests.xctest */;
			productType = "com.apple.product-type.bundle.ui-testing";
		};
/* End PBXNativeTarget section */

/* Begin PBXProject section */
		1A3136E420107E38004D5E10 /* Project object */ = {
			isa = PBXProject;
			attributes = {
				LastSwiftUpdateCheck = 0920;
				LastUpgradeCheck = 0920;
				ORGANIZATIONNAME = breeze;
				TargetAttributes = {
					1A3136EB20107E38004D5E10 = {
						CreatedOnToolsVersion = 9.2;
						ProvisioningStyle = Automatic;
					};
					1A3136FF20107E39004D5E10 = {
						CreatedOnToolsVersion = 9.2;
						ProvisioningStyle = Automatic;
						TestTargetID = 1A3136EB20107E38004D5E10;
					};
					1A31370A20107E39004D5E10 = {
						CreatedOnToolsVersion = 9.2;
						ProvisioningStyle = Automatic;
						TestTargetID = 1A3136EB20107E38004D5E10;
					};
				};
			};
			buildConfigurationList = 1A3136E720107E38004D5E10 /* Build configuration list for PBXProject "ASWebView" */;
			compatibilityVersion = "Xcode 8.0";
			developmentRegion = en;
			hasScannedForEncodings = 0;
			knownRegions = (
				en,
				Base,
			);
			mainGroup = 1A3136E320107E38004D5E10;
			productRefGroup = 1A3136ED20107E38004D5E10 /* Products */;
			projectDirPath = "";
			projectRoot = "";
			targets = (
				1A3136EB20107E38004D5E10 /* ASWebView */,
				1A3136FF20107E39004D5E10 /* ASWebViewTests */,
				1A31370A20107E39004D5E10 /* ASWebViewUITests */,
			);
		};
/* End PBXProject section */

/* Begin PBXResourcesBuildPhase section */
		1A3136EA20107E38004D5E10 /* Resources */ = {
			isa = PBXResourcesBuildPhase;
			buildActionMask = 2147483647;
			files = (
				1A3136FA20107E38004D5E10 /* LaunchScreen.storyboard in Resources */,
				1A31372020107E6C004D5E10 /* index.html in Resources */,
				1A3136F720107E38004D5E10 /* Assets.xcassets in Resources */,
				1AFA03802011A04F00887F19 /* ASWebViewController.bundle in Resources */,
				1A3136F520107E38004D5E10 /* Main.storyboard in Resources */,
			);
			runOnlyForDeploymentPostprocessing = 0;
		};
		1A3136FE20107E39004D5E10 /* Resources */ = {
			isa = PBXResourcesBuildPhase;
			buildActionMask = 2147483647;
			files = (
			);
			runOnlyForDeploymentPostprocessing = 0;
		};
		1A31370920107E39004D5E10 /* Resources */ = {
			isa = PBXResourcesBuildPhase;
			buildActionMask = 2147483647;
			files = (
			);
			runOnlyForDeploymentPostprocessing = 0;
		};
/* End PBXResourcesBuildPhase section */

/* Begin PBXSourcesBuildPhase section */
		1A3136E820107E38004D5E10 /* Sources */ = {
			isa = PBXSourcesBuildPhase;
			buildActionMask = 2147483647;
			files = (
				1A3136F220107E38004D5E10 /* ViewController.swift in Sources */,
				1A31372120107E6C004D5E10 /* ASWebViewController.swift in Sources */,
				1A3136F020107E38004D5E10 /* AppDelegate.swift in Sources */,
			);
			runOnlyForDeploymentPostprocessing = 0;
		};
		1A3136FC20107E39004D5E10 /* Sources */ = {
			isa = PBXSourcesBuildPhase;
			buildActionMask = 2147483647;
			files = (
				1A31370520107E39004D5E10 /* ASWebViewTests.swift in Sources */,
			);
			runOnlyForDeploymentPostprocessing = 0;
		};
		1A31370720107E39004D5E10 /* Sources */ = {
			isa = PBXSourcesBuildPhase;
			buildActionMask = 2147483647;
			files = (
				1A31371020107E39004D5E10 /* ASWebViewUITests.swift in Sources */,
			);
			runOnlyForDeploymentPostprocessing = 0;
		};
/* End PBXSourcesBuildPhase section */

/* Begin PBXTargetDependency section */
		1A31370220107E39004D5E10 /* PBXTargetDependency */ = {
			isa = PBXTargetDependency;
			target = 1A3136EB20107E38004D5E10 /* ASWebView */;
			targetProxy = 1A31370120107E39004D5E10 /* PBXContainerItemProxy */;
		};
		1A31370D20107E39004D5E10 /* PBXTargetDependency */ = {
			isa = PBXTargetDependency;
			target = 1A3136EB20107E38004D5E10 /* ASWebView */;
			targetProxy = 1A31370C20107E39004D5E10 /* PBXContainerItemProxy */;
		};
/* End PBXTargetDependency section */

/* Begin PBXVariantGroup section */
		1A3136F320107E38004D5E10 /* Main.storyboard */ = {
			isa = PBXVariantGroup;
			children = (
				1A3136F420107E38004D5E10 /* Base */,
			);
			name = Main.storyboard;
			sourceTree = "<group>";
		};
		1A3136F820107E38004D5E10 /* LaunchScreen.storyboard */ = {
			isa = PBXVariantGroup;
			children = (
				1A3136F920107E38004D5E10 /* Base */,
			);
			name = LaunchScreen.storyboard;
			sourceTree = "<group>";
		};
/* End PBXVariantGroup section */

/* Begin XCBuildConfiguration section */
		1A31371220107E39004D5E10 /* Debug */ = {
			isa = XCBuildConfiguration;
			buildSettings = {
				ALWAYS_SEARCH_USER_PATHS = NO;
				CLANG_ANALYZER_NONNULL = YES;
				CLANG_ANALYZER_NUMBER_OBJECT_CONVERSION = YES_AGGRESSIVE;
				CLANG_CXX_LANGUAGE_STANDARD = "gnu++14";
				CLANG_CXX_LIBRARY = "libc++";
				CLANG_ENABLE_MODULES = YES;
				CLANG_ENABLE_OBJC_ARC = YES;
				CLANG_WARN_BLOCK_CAPTURE_AUTORELEASING = YES;
				CLANG_WARN_BOOL_CONVERSION = YES;
				CLANG_WARN_COMMA = YES;
				CLANG_WARN_CONSTANT_CONVERSION = YES;
				CLANG_WARN_DIRECT_OBJC_ISA_USAGE = YES_ERROR;
				CLANG_WARN_DOCUMENTATION_COMMENTS = YES;
				CLANG_WARN_EMPTY_BODY = YES;
				CLANG_WARN_ENUM_CONVERSION = YES;
				CLANG_WARN_INFINITE_RECURSION = YES;
				CLANG_WARN_INT_CONVERSION = YES;
				CLANG_WARN_NON_LITERAL_NULL_CONVERSION = YES;
				CLANG_WARN_OBJC_LITERAL_CONVERSION = YES;
				CLANG_WARN_OBJC_ROOT_CLASS = YES_ERROR;
				CLANG_WARN_RANGE_LOOP_ANALYSIS = YES;
				CLANG_WARN_STRICT_PROTOTYPES = YES;
				CLANG_WARN_SUSPICIOUS_MOVE = YES;
				CLANG_WARN_UNGUARDED_AVAILABILITY = YES_AGGRESSIVE;
				CLANG_WARN_UNREACHABLE_CODE = YES;
				CLANG_WARN__DUPLICATE_METHOD_MATCH = YES;
				CODE_SIGN_IDENTITY = "iPhone Developer";
				COPY_PHASE_STRIP = NO;
				DEBUG_INFORMATION_FORMAT = dwarf;
				ENABLE_STRICT_OBJC_MSGSEND = YES;
				ENABLE_TESTABILITY = YES;
				GCC_C_LANGUAGE_STANDARD = gnu11;
				GCC_DYNAMIC_NO_PIC = NO;
				GCC_NO_COMMON_BLOCKS = YES;
				GCC_OPTIMIZATION_LEVEL = 0;
				GCC_PREPROCESSOR_DEFINITIONS = (
					"DEBUG=1",
					"$(inherited)",
				);
				GCC_WARN_64_TO_32_BIT_CONVERSION = YES;
				GCC_WARN_ABOUT_RETURN_TYPE = YES_ERROR;
				GCC_WARN_UNDECLARED_SELECTOR = YES;
				GCC_WARN_UNINITIALIZED_AUTOS = YES_AGGRESSIVE;
				GCC_WARN_UNUSED_FUNCTION = YES;
				GCC_WARN_UNUSED_VARIABLE = YES;
				IPHONEOS_DEPLOYMENT_TARGET = 11.2;
				MTL_ENABLE_DEBUG_INFO = YES;
				ONLY_ACTIVE_ARCH = YES;
				SDKROOT = iphoneos;
				SWIFT_ACTIVE_COMPILATION_CONDITIONS = DEBUG;
				SWIFT_OPTIMIZATION_LEVEL = "-Onone";
			};
			name = Debug;
		};
		1A31371320107E39004D5E10 /* Release */ = {
			isa = XCBuildConfiguration;
			buildSettings = {
				ALWAYS_SEARCH_USER_PATHS = NO;
				CLANG_ANALYZER_NONNULL = YES;
				CLANG_ANALYZER_NUMBER_OBJECT_CONVERSION = YES_AGGRESSIVE;
				CLANG_CXX_LANGUAGE_STANDARD = "gnu++14";
				CLANG_CXX_LIBRARY = "libc++";
				CLANG_ENABLE_MODULES = YES;
				CLANG_ENABLE_OBJC_ARC = YES;
				CLANG_WARN_BLOCK_CAPTURE_AUTORELEASING = YES;
				CLANG_WARN_BOOL_CONVERSION = YES;
				CLANG_WARN_COMMA = YES;
				CLANG_WARN_CONSTANT_CONVERSION = YES;
				CLANG_WARN_DIRECT_OBJC_ISA_USAGE = YES_ERROR;
				CLANG_WARN_DOCUMENTATION_COMMENTS = YES;
				CLANG_WARN_EMPTY_BODY = YES;
				CLANG_WARN_ENUM_CONVERSION = YES;
				CLANG_WARN_INFINITE_RECURSION = YES;
				CLANG_WARN_INT_CONVERSION = YES;
				CLANG_WARN_NON_LITERAL_NULL_CONVERSION = YES;
				CLANG_WARN_OBJC_LITERAL_CONVERSION = YES;
				CLANG_WARN_OBJC_ROOT_CLASS = YES_ERROR;
				CLANG_WARN_RANGE_LOOP_ANALYSIS = YES;
				CLANG_WARN_STRICT_PROTOTYPES = YES;
				CLANG_WARN_SUSPICIOUS_MOVE = YES;
				CLANG_WARN_UNGUARDED_AVAILABILITY = YES_AGGRESSIVE;
				CLANG_WARN_UNREACHABLE_CODE = YES;
				CLANG_WARN__DUPLICATE_METHOD_MATCH = YES;
				CODE_SIGN_IDENTITY = "iPhone Developer";
				COPY_PHASE_STRIP = NO;
				DEBUG_INFORMATION_FORMAT = "dwarf-with-dsym";
				ENABLE_NS_ASSERTIONS = NO;
				ENABLE_STRICT_OBJC_MSGSEND = YES;
				GCC_C_LANGUAGE_STANDARD = gnu11;
				GCC_NO_COMMON_BLOCKS = YES;
				GCC_WARN_64_TO_32_BIT_CONVERSION = YES;
				GCC_WARN_ABOUT_RETURN_TYPE = YES_ERROR;
				GCC_WARN_UNDECLARED_SELECTOR = YES;
				GCC_WARN_UNINITIALIZED_AUTOS = YES_AGGRESSIVE;
				GCC_WARN_UNUSED_FUNCTION = YES;
				GCC_WARN_UNUSED_VARIABLE = YES;
				IPHONEOS_DEPLOYMENT_TARGET = 11.2;
				MTL_ENABLE_DEBUG_INFO = NO;
				SDKROOT = iphoneos;
				SWIFT_OPTIMIZATION_LEVEL = "-Owholemodule";
				VALIDATE_PRODUCT = YES;
			};
			name = Release;
		};
		1A31371520107E39004D5E10 /* Debug */ = {
			isa = XCBuildConfiguration;
			buildSettings = {
				ASSETCATALOG_COMPILER_APPICON_NAME = AppIcon;
				CODE_SIGN_STYLE = Automatic;
				INFOPLIST_FILE = ASWebView/Info.plist;
				IPHONEOS_DEPLOYMENT_TARGET = 8.0;
				LD_RUNPATH_SEARCH_PATHS = "$(inherited) @executable_path/Frameworks";
				PRODUCT_BUNDLE_IDENTIFIER = ASProject.ASWebView;
				PRODUCT_NAME = "$(TARGET_NAME)";
				SWIFT_VERSION = 4.0;
				TARGETED_DEVICE_FAMILY = 1;
			};
			name = Debug;
		};
		1A31371620107E39004D5E10 /* Release */ = {
			isa = XCBuildConfiguration;
			buildSettings = {
				ASSETCATALOG_COMPILER_APPICON_NAME = AppIcon;
				CODE_SIGN_STYLE = Automatic;
				INFOPLIST_FILE = ASWebView/Info.plist;
				IPHONEOS_DEPLOYMENT_TARGET = 8.0;
				LD_RUNPATH_SEARCH_PATHS = "$(inherited) @executable_path/Frameworks";
				PRODUCT_BUNDLE_IDENTIFIER = ASProject.ASWebView;
				PRODUCT_NAME = "$(TARGET_NAME)";
				SWIFT_VERSION = 4.0;
				TARGETED_DEVICE_FAMILY = 1;
			};
			name = Release;
		};
		1A31371820107E39004D5E10 /* Debug */ = {
			isa = XCBuildConfiguration;
			buildSettings = {
				ALWAYS_EMBED_SWIFT_STANDARD_LIBRARIES = YES;
				BUNDLE_LOADER = "$(TEST_HOST)";
				CODE_SIGN_STYLE = Automatic;
				INFOPLIST_FILE = ASWebViewTests/Info.plist;
				LD_RUNPATH_SEARCH_PATHS = "$(inherited) @executable_path/Frameworks @loader_path/Frameworks";
				PRODUCT_BUNDLE_IDENTIFIER = ASProject.ASWebViewTests;
				PRODUCT_NAME = "$(TARGET_NAME)";
				SWIFT_VERSION = 4.0;
				TARGETED_DEVICE_FAMILY = "1,2";
				TEST_HOST = "$(BUILT_PRODUCTS_DIR)/ASWebView.app/ASWebView";
			};
			name = Debug;
		};
		1A31371920107E39004D5E10 /* Release */ = {
			isa = XCBuildConfiguration;
			buildSettings = {
				ALWAYS_EMBED_SWIFT_STANDARD_LIBRARIES = YES;
				BUNDLE_LOADER = "$(TEST_HOST)";
				CODE_SIGN_STYLE = Automatic;
				INFOPLIST_FILE = ASWebViewTests/Info.plist;
				LD_RUNPATH_SEARCH_PATHS = "$(inherited) @executable_path/Frameworks @loader_path/Frameworks";
				PRODUCT_BUNDLE_IDENTIFIER = ASProject.ASWebViewTests;
				PRODUCT_NAME = "$(TARGET_NAME)";
				SWIFT_VERSION = 4.0;
				TARGETED_DEVICE_FAMILY = "1,2";
				TEST_HOST = "$(BUILT_PRODUCTS_DIR)/ASWebView.app/ASWebView";
			};
			name = Release;
		};
		1A31371B20107E39004D5E10 /* Debug */ = {
			isa = XCBuildConfiguration;
			buildSettings = {
				ALWAYS_EMBED_SWIFT_STANDARD_LIBRARIES = YES;
				CODE_SIGN_STYLE = Automatic;
				INFOPLIST_FILE = ASWebViewUITests/Info.plist;
				LD_RUNPATH_SEARCH_PATHS = "$(inherited) @executable_path/Frameworks @loader_path/Frameworks";
				PRODUCT_BUNDLE_IDENTIFIER = ASProject.ASWebViewUITests;
				PRODUCT_NAME = "$(TARGET_NAME)";
				SWIFT_VERSION = 4.0;
				TARGETED_DEVICE_FAMILY = "1,2";
				TEST_TARGET_NAME = ASWebView;
			};
			name = Debug;
		};
		1A31371C20107E39004D5E10 /* Release */ = {
			isa = XCBuildConfiguration;
			buildSettings = {
				ALWAYS_EMBED_SWIFT_STANDARD_LIBRARIES = YES;
				CODE_SIGN_STYLE = Automatic;
				INFOPLIST_FILE = ASWebViewUITests/Info.plist;
				LD_RUNPATH_SEARCH_PATHS = "$(inherited) @executable_path/Frameworks @loader_path/Frameworks";
				PRODUCT_BUNDLE_IDENTIFIER = ASProject.ASWebViewUITests;
				PRODUCT_NAME = "$(TARGET_NAME)";
				SWIFT_VERSION = 4.0;
				TARGETED_DEVICE_FAMILY = "1,2";
				TEST_TARGET_NAME = ASWebView;
			};
			name = Release;
		};
/* End XCBuildConfiguration section */

/* Begin XCConfigurationList section */
		1A3136E720107E38004D5E10 /* Build configuration list for PBXProject "ASWebView" */ = {
			isa = XCConfigurationList;
			buildConfigurations = (
				1A31371220107E39004D5E10 /* Debug */,
				1A31371320107E39004D5E10 /* Release */,
			);
			defaultConfigurationIsVisible = 0;
			defaultConfigurationName = Release;
		};
		1A31371420107E39004D5E10 /* Build configuration list for PBXNativeTarget "ASWebView" */ = {
			isa = XCConfigurationList;
			buildConfigurations = (
				1A31371520107E39004D5E10 /* Debug */,
				1A31371620107E39004D5E10 /* Release */,
			);
			defaultConfigurationIsVisible = 0;
			defaultConfigurationName = Release;
		};
		1A31371720107E39004D5E10 /* Build configuration list for PBXNativeTarget "ASWebViewTests" */ = {
			isa = XCConfigurationList;
			buildConfigurations = (
				1A31371820107E39004D5E10 /* Debug */,
				1A31371920107E39004D5E10 /* Release */,
			);
			defaultConfigurationIsVisible = 0;
			defaultConfigurationName = Release;
		};
		1A31371A20107E39004D5E10 /* Build configuration list for PBXNativeTarget "ASWebViewUITests" */ = {
			isa = XCConfigurationList;
			buildConfigurations = (
				1A31371B20107E39004D5E10 /* Debug */,
				1A31371C20107E39004D5E10 /* Release */,
			);
			defaultConfigurationIsVisible = 0;
			defaultConfigurationName = Release;
		};
/* End XCConfigurationList section */
	};
	rootObject = 1A3136E420107E38004D5E10 /* Project object */;
}
